// !$*UTF8*$!
{
	archiveVersion = 1;
	classes = {
	};
	objectVersion = 52;
	objects = {

/* Begin PBXBuildFile section */
		3D960181267C37BE0018A5D3 /* BeachbodyApp.swift in Sources */ = {isa = PBXBuildFile; fileRef = 3D960180267C37BE0018A5D3 /* BeachbodyApp.swift */; };
		3D960183267C37BE0018A5D3 /* ContentView.swift in Sources */ = {isa = PBXBuildFile; fileRef = 3D960182267C37BE0018A5D3 /* ContentView.swift */; };
		3D960185267C37BF0018A5D3 /* Assets.xcassets in Resources */ = {isa = PBXBuildFile; fileRef = 3D960184267C37BF0018A5D3 /* Assets.xcassets */; };
		3D960188267C37BF0018A5D3 /* Preview Assets.xcassets in Resources */ = {isa = PBXBuildFile; fileRef = 3D960187267C37BF0018A5D3 /* Preview Assets.xcassets */; };
		3D960193267C37BF0018A5D3 /* BeachbodyTests.swift in Sources */ = {isa = PBXBuildFile; fileRef = 3D960192267C37BF0018A5D3 /* BeachbodyTests.swift */; };
		3D96019E267C37BF0018A5D3 /* BeachbodyUITests.swift in Sources */ = {isa = PBXBuildFile; fileRef = 3D96019D267C37BF0018A5D3 /* BeachbodyUITests.swift */; };
		3D9601AD267C37F20018A5D3 /* ExerciseModel.swift in Sources */ = {isa = PBXBuildFile; fileRef = 3D9601AC267C37F20018A5D3 /* ExerciseModel.swift */; };
		3D9601AF267C39AE0018A5D3 /* Constants.swift in Sources */ = {isa = PBXBuildFile; fileRef = 3D9601AE267C39AE0018A5D3 /* Constants.swift */; };
		3D9601B2267C3A980018A5D3 /* APICall.swift in Sources */ = {isa = PBXBuildFile; fileRef = 3D9601B1267C3A980018A5D3 /* APICall.swift */; };
		3D9601B5267C3DD60018A5D3 /* ExViewModel.swift in Sources */ = {isa = PBXBuildFile; fileRef = 3D9601B4267C3DD60018A5D3 /* ExViewModel.swift */; };
		3D9601B7267C3ED00018A5D3 /* ExView.swift in Sources */ = {isa = PBXBuildFile; fileRef = 3D9601B6267C3ED00018A5D3 /* ExView.swift */; };
		3D9601B9267C59580018A5D3 /* Spinner.swift in Sources */ = {isa = PBXBuildFile; fileRef = 3D9601B8267C59580018A5D3 /* Spinner.swift */; };
		3D9601BB267C59F40018A5D3 /* ExRowView.swift in Sources */ = {isa = PBXBuildFile; fileRef = 3D9601BA267C59F40018A5D3 /* ExRowView.swift */; };
		3D9601BD267C5A870018A5D3 /* ExListView.swift in Sources */ = {isa = PBXBuildFile; fileRef = 3D9601BC267C5A870018A5D3 /* ExListView.swift */; };
		3D9601BF267C66320018A5D3 /* ExDetailView.swift in Sources */ = {isa = PBXBuildFile; fileRef = 3D9601BE267C66320018A5D3 /* ExDetailView.swift */; };
		3D9601C1267CB68C0018A5D3 /* ExerciseDetailModel.swift in Sources */ = {isa = PBXBuildFile; fileRef = 3D9601C0267CB68C0018A5D3 /* ExerciseDetailModel.swift */; };
		3D9601C3267CB8830018A5D3 /* ExDetailViewModel.swift in Sources */ = {isa = PBXBuildFile; fileRef = 3D9601C2267CB8830018A5D3 /* ExDetailViewModel.swift */; };
		3D9601C5267CD8EC0018A5D3 /* ThumbModel.swift in Sources */ = {isa = PBXBuildFile; fileRef = 3D9601C4267CD8EC0018A5D3 /* ThumbModel.swift */; };
		3D9601CD267CE97E0018A5D3 /* SDWebImageSwiftUI in Frameworks */ = {isa = PBXBuildFile; productRef = 3D9601CC267CE97E0018A5D3 /* SDWebImageSwiftUI */; };
/* End PBXBuildFile section */

/* Begin PBXContainerItemProxy section */
		3D96018F267C37BF0018A5D3 /* PBXContainerItemProxy */ = {
			isa = PBXContainerItemProxy;
			containerPortal = 3D960175267C37BE0018A5D3 /* Project object */;
			proxyType = 1;
			remoteGlobalIDString = 3D96017C267C37BE0018A5D3;
			remoteInfo = Beachbody;
		};
		3D96019A267C37BF0018A5D3 /* PBXContainerItemProxy */ = {
			isa = PBXContainerItemProxy;
			containerPortal = 3D960175267C37BE0018A5D3 /* Project object */;
			proxyType = 1;
			remoteGlobalIDString = 3D96017C267C37BE0018A5D3;
			remoteInfo = Beachbody;
		};
/* End PBXContainerItemProxy section */

/* Begin PBXFileReference section */
		3D96017D267C37BE0018A5D3 /* Beachbody.app */ = {isa = PBXFileReference; explicitFileType = wrapper.application; includeInIndex = 0; path = Beachbody.app; sourceTree = BUILT_PRODUCTS_DIR; };
		3D960180267C37BE0018A5D3 /* BeachbodyApp.swift */ = {isa = PBXFileReference; lastKnownFileType = sourcecode.swift; path = BeachbodyApp.swift; sourceTree = "<group>"; };
		3D960182267C37BE0018A5D3 /* ContentView.swift */ = {isa = PBXFileReference; lastKnownFileType = sourcecode.swift; path = ContentView.swift; sourceTree = "<group>"; };
		3D960184267C37BF0018A5D3 /* Assets.xcassets */ = {isa = PBXFileReference; lastKnownFileType = folder.assetcatalog; path = Assets.xcassets; sourceTree = "<group>"; };
		3D960187267C37BF0018A5D3 /* Preview Assets.xcassets */ = {isa = PBXFileReference; lastKnownFileType = folder.assetcatalog; path = "Preview Assets.xcassets"; sourceTree = "<group>"; };
		3D960189267C37BF0018A5D3 /* Info.plist */ = {isa = PBXFileReference; lastKnownFileType = text.plist.xml; path = Info.plist; sourceTree = "<group>"; };
		3D96018E267C37BF0018A5D3 /* BeachbodyTests.xctest */ = {isa = PBXFileReference; explicitFileType = wrapper.cfbundle; includeInIndex = 0; path = BeachbodyTests.xctest; sourceTree = BUILT_PRODUCTS_DIR; };
		3D960192267C37BF0018A5D3 /* BeachbodyTests.swift */ = {isa = PBXFileReference; lastKnownFileType = sourcecode.swift; path = BeachbodyTests.swift; sourceTree = "<group>"; };
		3D960194267C37BF0018A5D3 /* Info.plist */ = {isa = PBXFileReference; lastKnownFileType = text.plist.xml; path = Info.plist; sourceTree = "<group>"; };
		3D960199267C37BF0018A5D3 /* BeachbodyUITests.xctest */ = {isa = PBXFileReference; explicitFileType = wrapper.cfbundle; includeInIndex = 0; path = BeachbodyUITests.xctest; sourceTree = BUILT_PRODUCTS_DIR; };
		3D96019D267C37BF0018A5D3 /* BeachbodyUITests.swift */ = {isa = PBXFileReference; lastKnownFileType = sourcecode.swift; path = BeachbodyUITests.swift; sourceTree = "<group>"; };
		3D96019F267C37BF0018A5D3 /* Info.plist */ = {isa = PBXFileReference; lastKnownFileType = text.plist.xml; path = Info.plist; sourceTree = "<group>"; };
		3D9601AC267C37F20018A5D3 /* ExerciseModel.swift */ = {isa = PBXFileReference; lastKnownFileType = sourcecode.swift; path = ExerciseModel.swift; sourceTree = "<group>"; };
		3D9601AE267C39AE0018A5D3 /* Constants.swift */ = {isa = PBXFileReference; lastKnownFileType = sourcecode.swift; path = Constants.swift; sourceTree = "<group>"; };
		3D9601B1267C3A980018A5D3 /* APICall.swift */ = {isa = PBXFileReference; lastKnownFileType = sourcecode.swift; path = APICall.swift; sourceTree = "<group>"; };
		3D9601B4267C3DD60018A5D3 /* ExViewModel.swift */ = {isa = PBXFileReference; lastKnownFileType = sourcecode.swift; path = ExViewModel.swift; sourceTree = "<group>"; };
		3D9601B6267C3ED00018A5D3 /* ExView.swift */ = {isa = PBXFileReference; lastKnownFileType = sourcecode.swift; path = ExView.swift; sourceTree = "<group>"; };
		3D9601B8267C59580018A5D3 /* Spinner.swift */ = {isa = PBXFileReference; lastKnownFileType = sourcecode.swift; path = Spinner.swift; sourceTree = "<group>"; };
		3D9601BA267C59F40018A5D3 /* ExRowView.swift */ = {isa = PBXFileReference; lastKnownFileType = sourcecode.swift; path = ExRowView.swift; sourceTree = "<group>"; };
		3D9601BC267C5A870018A5D3 /* ExListView.swift */ = {isa = PBXFileReference; lastKnownFileType = sourcecode.swift; path = ExListView.swift; sourceTree = "<group>"; };
		3D9601BE267C66320018A5D3 /* ExDetailView.swift */ = {isa = PBXFileReference; lastKnownFileType = sourcecode.swift; path = ExDetailView.swift; sourceTree = "<group>"; };
		3D9601C0267CB68C0018A5D3 /* ExerciseDetailModel.swift */ = {isa = PBXFileReference; lastKnownFileType = sourcecode.swift; path = ExerciseDetailModel.swift; sourceTree = "<group>"; };
		3D9601C2267CB8830018A5D3 /* ExDetailViewModel.swift */ = {isa = PBXFileReference; lastKnownFileType = sourcecode.swift; path = ExDetailViewModel.swift; sourceTree = "<group>"; };
		3D9601C4267CD8EC0018A5D3 /* ThumbModel.swift */ = {isa = PBXFileReference; lastKnownFileType = sourcecode.swift; path = ThumbModel.swift; sourceTree = "<group>"; };
/* End PBXFileReference section */

/* Begin PBXFrameworksBuildPhase section */
		3D96017A267C37BE0018A5D3 /* Frameworks */ = {
			isa = PBXFrameworksBuildPhase;
			buildActionMask = 2147483647;
			files = (
				3D9601CD267CE97E0018A5D3 /* SDWebImageSwiftUI in Frameworks */,
			);
			runOnlyForDeploymentPostprocessing = 0;
		};
		3D96018B267C37BF0018A5D3 /* Frameworks */ = {
			isa = PBXFrameworksBuildPhase;
			buildActionMask = 2147483647;
			files = (
			);
			runOnlyForDeploymentPostprocessing = 0;
		};
		3D960196267C37BF0018A5D3 /* Frameworks */ = {
			isa = PBXFrameworksBuildPhase;
			buildActionMask = 2147483647;
			files = (
			);
			runOnlyForDeploymentPostprocessing = 0;
		};
/* End PBXFrameworksBuildPhase section */

/* Begin PBXGroup section */
		3D960174267C37BE0018A5D3 = {
			isa = PBXGroup;
			children = (
				3D96017F267C37BE0018A5D3 /* Beachbody */,
				3D960191267C37BF0018A5D3 /* BeachbodyTests */,
				3D96019C267C37BF0018A5D3 /* BeachbodyUITests */,
				3D96017E267C37BE0018A5D3 /* Products */,
			);
			sourceTree = "<group>";
		};
		3D96017E267C37BE0018A5D3 /* Products */ = {
			isa = PBXGroup;
			children = (
				3D96017D267C37BE0018A5D3 /* Beachbody.app */,
				3D96018E267C37BF0018A5D3 /* BeachbodyTests.xctest */,
				3D960199267C37BF0018A5D3 /* BeachbodyUITests.xctest */,
			);
			name = Products;
			sourceTree = "<group>";
		};
		3D96017F267C37BE0018A5D3 /* Beachbody */ = {
			isa = PBXGroup;
			children = (
				3D9601B3267C3DBA0018A5D3 /* Views */,
				3D9601B0267C3A8A0018A5D3 /* Helper */,
				3D9601AB267C37C50018A5D3 /* Model */,
				3D960180267C37BE0018A5D3 /* BeachbodyApp.swift */,
				3D960182267C37BE0018A5D3 /* ContentView.swift */,
				3D960184267C37BF0018A5D3 /* Assets.xcassets */,
				3D960189267C37BF0018A5D3 /* Info.plist */,
				3D960186267C37BF0018A5D3 /* Preview Content */,
				3D9601B8267C59580018A5D3 /* Spinner.swift */,
			);
			path = Beachbody;
			sourceTree = "<group>";
		};
		3D960186267C37BF0018A5D3 /* Preview Content */ = {
			isa = PBXGroup;
			children = (
				3D960187267C37BF0018A5D3 /* Preview Assets.xcassets */,
			);
			path = "Preview Content";
			sourceTree = "<group>";
		};
		3D960191267C37BF0018A5D3 /* BeachbodyTests */ = {
			isa = PBXGroup;
			children = (
				3D960192267C37BF0018A5D3 /* BeachbodyTests.swift */,
				3D960194267C37BF0018A5D3 /* Info.plist */,
			);
			path = BeachbodyTests;
			sourceTree = "<group>";
		};
		3D96019C267C37BF0018A5D3 /* BeachbodyUITests */ = {
			isa = PBXGroup;
			children = (
				3D96019D267C37BF0018A5D3 /* BeachbodyUITests.swift */,
				3D96019F267C37BF0018A5D3 /* Info.plist */,
			);
			path = BeachbodyUITests;
			sourceTree = "<group>";
		};
		3D9601AB267C37C50018A5D3 /* Model */ = {
			isa = PBXGroup;
			children = (
				3D9601B4267C3DD60018A5D3 /* ExViewModel.swift */,
				3D9601C2267CB8830018A5D3 /* ExDetailViewModel.swift */,
				3D9601AC267C37F20018A5D3 /* ExerciseModel.swift */,
				3D9601C0267CB68C0018A5D3 /* ExerciseDetailModel.swift */,
				3D9601C4267CD8EC0018A5D3 /* ThumbModel.swift */,
				3D9601AE267C39AE0018A5D3 /* Constants.swift */,
			);
			path = Model;
			sourceTree = "<group>";
		};
		3D9601B0267C3A8A0018A5D3 /* Helper */ = {
			isa = PBXGroup;
			children = (
				3D9601B1267C3A980018A5D3 /* APICall.swift */,
			);
			path = Helper;
			sourceTree = "<group>";
		};
		3D9601B3267C3DBA0018A5D3 /* Views */ = {
			isa = PBXGroup;
			children = (
				3D9601B6267C3ED00018A5D3 /* ExView.swift */,
				3D9601BA267C59F40018A5D3 /* ExRowView.swift */,
				3D9601BC267C5A870018A5D3 /* ExListView.swift */,
				3D9601BE267C66320018A5D3 /* ExDetailView.swift */,
			);
			path = Views;
			sourceTree = "<group>";
		};
/* End PBXGroup section */

/* Begin PBXNativeTarget section */
		3D96017C267C37BE0018A5D3 /* Beachbody */ = {
			isa = PBXNativeTarget;
			buildConfigurationList = 3D9601A2267C37BF0018A5D3 /* Build configuration list for PBXNativeTarget "Beachbody" */;
			buildPhases = (
				3D960179267C37BE0018A5D3 /* Sources */,
				3D96017A267C37BE0018A5D3 /* Frameworks */,
				3D96017B267C37BE0018A5D3 /* Resources */,
			);
			buildRules = (
			);
			dependencies = (
			);
			name = Beachbody;
			packageProductDependencies = (
				3D9601CC267CE97E0018A5D3 /* SDWebImageSwiftUI */,
			);
			productName = Beachbody;
			productReference = 3D96017D267C37BE0018A5D3 /* Beachbody.app */;
			productType = "com.apple.product-type.application";
		};
		3D96018D267C37BF0018A5D3 /* BeachbodyTests */ = {
			isa = PBXNativeTarget;
			buildConfigurationList = 3D9601A5267C37BF0018A5D3 /* Build configuration list for PBXNativeTarget "BeachbodyTests" */;
			buildPhases = (
				3D96018A267C37BF0018A5D3 /* Sources */,
				3D96018B267C37BF0018A5D3 /* Frameworks */,
				3D96018C267C37BF0018A5D3 /* Resources */,
			);
			buildRules = (
			);
			dependencies = (
				3D960190267C37BF0018A5D3 /* PBXTargetDependency */,
			);
			name = BeachbodyTests;
			productName = BeachbodyTests;
			productReference = 3D96018E267C37BF0018A5D3 /* BeachbodyTests.xctest */;
			productType = "com.apple.product-type.bundle.unit-test";
		};
		3D960198267C37BF0018A5D3 /* BeachbodyUITests */ = {
			isa = PBXNativeTarget;
			buildConfigurationList = 3D9601A8267C37BF0018A5D3 /* Build configuration list for PBXNativeTarget "BeachbodyUITests" */;
			buildPhases = (
				3D960195267C37BF0018A5D3 /* Sources */,
				3D960196267C37BF0018A5D3 /* Frameworks */,
				3D960197267C37BF0018A5D3 /* Resources */,
			);
			buildRules = (
			);
			dependencies = (
				3D96019B267C37BF0018A5D3 /* PBXTargetDependency */,
			);
			name = BeachbodyUITests;
			productName = BeachbodyUITests;
			productReference = 3D960199267C37BF0018A5D3 /* BeachbodyUITests.xctest */;
			productType = "com.apple.product-type.bundle.ui-testing";
		};
/* End PBXNativeTarget section */

/* Begin PBXProject section */
		3D960175267C37BE0018A5D3 /* Project object */ = {
			isa = PBXProject;
			attributes = {
				LastSwiftUpdateCheck = 1250;
				LastUpgradeCheck = 1250;
				TargetAttributes = {
					3D96017C267C37BE0018A5D3 = {
						CreatedOnToolsVersion = 12.5;
					};
					3D96018D267C37BF0018A5D3 = {
						CreatedOnToolsVersion = 12.5;
						TestTargetID = 3D96017C267C37BE0018A5D3;
					};
					3D960198267C37BF0018A5D3 = {
						CreatedOnToolsVersion = 12.5;
						TestTargetID = 3D96017C267C37BE0018A5D3;
					};
				};
			};
			buildConfigurationList = 3D960178267C37BE0018A5D3 /* Build configuration list for PBXProject "Beachbody" */;
			compatibilityVersion = "Xcode 9.3";
			developmentRegion = en;
			hasScannedForEncodings = 0;
			knownRegions = (
				en,
				Base,
			);
			mainGroup = 3D960174267C37BE0018A5D3;
			packageReferences = (
				3D9601CB267CE97E0018A5D3 /* XCRemoteSwiftPackageReference "SDWebImageSwiftUI" */,
			);
			productRefGroup = 3D96017E267C37BE0018A5D3 /* Products */;
			projectDirPath = "";
			projectRoot = "";
			targets = (
				3D96017C267C37BE0018A5D3 /* Beachbody */,
				3D96018D267C37BF0018A5D3 /* BeachbodyTests */,
				3D960198267C37BF0018A5D3 /* BeachbodyUITests */,
			);
		};
/* End PBXProject section */

/* Begin PBXResourcesBuildPhase section */
		3D96017B267C37BE0018A5D3 /* Resources */ = {
			isa = PBXResourcesBuildPhase;
			buildActionMask = 2147483647;
			files = (
				3D960188267C37BF0018A5D3 /* Preview Assets.xcassets in Resources */,
				3D960185267C37BF0018A5D3 /* Assets.xcassets in Resources */,
			);
			runOnlyForDeploymentPostprocessing = 0;
		};
		3D96018C267C37BF0018A5D3 /* Resources */ = {
			isa = PBXResourcesBuildPhase;
			buildActionMask = 2147483647;
			files = (
			);
			runOnlyForDeploymentPostprocessing = 0;
		};
		3D960197267C37BF0018A5D3 /* Resources */ = {
			isa = PBXResourcesBuildPhase;
			buildActionMask = 2147483647;
			files = (
			);
			runOnlyForDeploymentPostprocessing = 0;
		};
/* End PBXResourcesBuildPhase section */

/* Begin PBXSourcesBuildPhase section */
		3D960179267C37BE0018A5D3 /* Sources */ = {
			isa = PBXSourcesBuildPhase;
			buildActionMask = 2147483647;
			files = (
				3D960183267C37BE0018A5D3 /* ContentView.swift in Sources */,
				3D960181267C37BE0018A5D3 /* BeachbodyApp.swift in Sources */,
				3D9601B2267C3A980018A5D3 /* APICall.swift in Sources */,
				3D9601B7267C3ED00018A5D3 /* ExView.swift in Sources */,
				3D9601C3267CB8830018A5D3 /* ExDetailViewModel.swift in Sources */,
				3D9601C1267CB68C0018A5D3 /* ExerciseDetailModel.swift in Sources */,
				3D9601AD267C37F20018A5D3 /* ExerciseModel.swift in Sources */,
				3D9601BD267C5A870018A5D3 /* ExListView.swift in Sources */,
				3D9601BF267C66320018A5D3 /* ExDetailView.swift in Sources */,
				3D9601BB267C59F40018A5D3 /* ExRowView.swift in Sources */,
				3D9601C5267CD8EC0018A5D3 /* ThumbModel.swift in Sources */,
				3D9601AF267C39AE0018A5D3 /* Constants.swift in Sources */,
				3D9601B5267C3DD60018A5D3 /* ExViewModel.swift in Sources */,
				3D9601B9267C59580018A5D3 /* Spinner.swift in Sources */,
			);
			runOnlyForDeploymentPostprocessing = 0;
		};
		3D96018A267C37BF0018A5D3 /* Sources */ = {
			isa = PBXSourcesBuildPhase;
			buildActionMask = 2147483647;
			files = (
				3D960193267C37BF0018A5D3 /* BeachbodyTests.swift in Sources */,
			);
			runOnlyForDeploymentPostprocessing = 0;
		};
		3D960195267C37BF0018A5D3 /* Sources */ = {
			isa = PBXSourcesBuildPhase;
			buildActionMask = 2147483647;
			files = (
				3D96019E267C37BF0018A5D3 /* BeachbodyUITests.swift in Sources */,
			);
			runOnlyForDeploymentPostprocessing = 0;
		};
/* End PBXSourcesBuildPhase section */

/* Begin PBXTargetDependency section */
		3D960190267C37BF0018A5D3 /* PBXTargetDependency */ = {
			isa = PBXTargetDependency;
			target = 3D96017C267C37BE0018A5D3 /* Beachbody */;
			targetProxy = 3D96018F267C37BF0018A5D3 /* PBXContainerItemProxy */;
		};
		3D96019B267C37BF0018A5D3 /* PBXTargetDependency */ = {
			isa = PBXTargetDependency;
			target = 3D96017C267C37BE0018A5D3 /* Beachbody */;
			targetProxy = 3D96019A267C37BF0018A5D3 /* PBXContainerItemProxy */;
		};
/* End PBXTargetDependency section */

/* Begin XCBuildConfiguration section */
		3D9601A0267C37BF0018A5D3 /* Debug */ = {
			isa = XCBuildConfiguration;
			buildSettings = {
				ALWAYS_SEARCH_USER_PATHS = NO;
				CLANG_ANALYZER_NONNULL = YES;
				CLANG_ANALYZER_NUMBER_OBJECT_CONVERSION = YES_AGGRESSIVE;
				CLANG_CXX_LANGUAGE_STANDARD = "gnu++14";
				CLANG_CXX_LIBRARY = "libc++";
				CLANG_ENABLE_MODULES = YES;
				CLANG_ENABLE_OBJC_ARC = YES;
				CLANG_ENABLE_OBJC_WEAK = YES;
				CLANG_WARN_BLOCK_CAPTURE_AUTORELEASING = YES;
				CLANG_WARN_BOOL_CONVERSION = YES;
				CLANG_WARN_COMMA = YES;
				CLANG_WARN_CONSTANT_CONVERSION = YES;
				CLANG_WARN_DEPRECATED_OBJC_IMPLEMENTATIONS = YES;
				CLANG_WARN_DIRECT_OBJC_ISA_USAGE = YES_ERROR;
				CLANG_WARN_DOCUMENTATION_COMMENTS = YES;
				CLANG_WARN_EMPTY_BODY = YES;
				CLANG_WARN_ENUM_CONVERSION = YES;
				CLANG_WARN_INFINITE_RECURSION = YES;
				CLANG_WARN_INT_CONVERSION = YES;
				CLANG_WARN_NON_LITERAL_NULL_CONVERSION = YES;
				CLANG_WARN_OBJC_IMPLICIT_RETAIN_SELF = YES;
				CLANG_WARN_OBJC_LITERAL_CONVERSION = YES;
				CLANG_WARN_OBJC_ROOT_CLASS = YES_ERROR;
				CLANG_WARN_QUOTED_INCLUDE_IN_FRAMEWORK_HEADER = YES;
				CLANG_WARN_RANGE_LOOP_ANALYSIS = YES;
				CLANG_WARN_STRICT_PROTOTYPES = YES;
				CLANG_WARN_SUSPICIOUS_MOVE = YES;
				CLANG_WARN_UNGUARDED_AVAILABILITY = YES_AGGRESSIVE;
				CLANG_WARN_UNREACHABLE_CODE = YES;
				CLANG_WARN__DUPLICATE_METHOD_MATCH = YES;
				COPY_PHASE_STRIP = NO;
				DEBUG_INFORMATION_FORMAT = dwarf;
				ENABLE_STRICT_OBJC_MSGSEND = YES;
				ENABLE_TESTABILITY = YES;
				GCC_C_LANGUAGE_STANDARD = gnu11;
				GCC_DYNAMIC_NO_PIC = NO;
				GCC_NO_COMMON_BLOCKS = YES;
				GCC_OPTIMIZATION_LEVEL = 0;
				GCC_PREPROCESSOR_DEFINITIONS = (
					"DEBUG=1",
					"$(inherited)",
				);
				GCC_WARN_64_TO_32_BIT_CONVERSION = YES;
				GCC_WARN_ABOUT_RETURN_TYPE = YES_ERROR;
				GCC_WARN_UNDECLARED_SELECTOR = YES;
				GCC_WARN_UNINITIALIZED_AUTOS = YES_AGGRESSIVE;
				GCC_WARN_UNUSED_FUNCTION = YES;
				GCC_WARN_UNUSED_VARIABLE = YES;
				IPHONEOS_DEPLOYMENT_TARGET = 14.5;
				MTL_ENABLE_DEBUG_INFO = INCLUDE_SOURCE;
				MTL_FAST_MATH = YES;
				ONLY_ACTIVE_ARCH = YES;
				SDKROOT = iphoneos;
				SWIFT_ACTIVE_COMPILATION_CONDITIONS = DEBUG;
				SWIFT_OPTIMIZATION_LEVEL = "-Onone";
			};
			name = Debug;
		};
		3D9601A1267C37BF0018A5D3 /* Release */ = {
			isa = XCBuildConfiguration;
			buildSettings = {
				ALWAYS_SEARCH_USER_PATHS = NO;
				CLANG_ANALYZER_NONNULL = YES;
				CLANG_ANALYZER_NUMBER_OBJECT_CONVERSION = YES_AGGRESSIVE;
				CLANG_CXX_LANGUAGE_STANDARD = "gnu++14";
				CLANG_CXX_LIBRARY = "libc++";
				CLANG_ENABLE_MODULES = YES;
				CLANG_ENABLE_OBJC_ARC = YES;
				CLANG_ENABLE_OBJC_WEAK = YES;
				CLANG_WARN_BLOCK_CAPTURE_AUTORELEASING = YES;
				CLANG_WARN_BOOL_CONVERSION = YES;
				CLANG_WARN_COMMA = YES;
				CLANG_WARN_CONSTANT_CONVERSION = YES;
				CLANG_WARN_DEPRECATED_OBJC_IMPLEMENTATIONS = YES;
				CLANG_WARN_DIRECT_OBJC_ISA_USAGE = YES_ERROR;
				CLANG_WARN_DOCUMENTATION_COMMENTS = YES;
				CLANG_WARN_EMPTY_BODY = YES;
				CLANG_WARN_ENUM_CONVERSION = YES;
				CLANG_WARN_INFINITE_RECURSION = YES;
				CLANG_WARN_INT_CONVERSION = YES;
				CLANG_WARN_NON_LITERAL_NULL_CONVERSION = YES;
				CLANG_WARN_OBJC_IMPLICIT_RETAIN_SELF = YES;
				CLANG_WARN_OBJC_LITERAL_CONVERSION = YES;
				CLANG_WARN_OBJC_ROOT_CLASS = YES_ERROR;
				CLANG_WARN_QUOTED_INCLUDE_IN_FRAMEWORK_HEADER = YES;
				CLANG_WARN_RANGE_LOOP_ANALYSIS = YES;
				CLANG_WARN_STRICT_PROTOTYPES = YES;
				CLANG_WARN_SUSPICIOUS_MOVE = YES;
				CLANG_WARN_UNGUARDED_AVAILABILITY = YES_AGGRESSIVE;
				CLANG_WARN_UNREACHABLE_CODE = YES;
				CLANG_WARN__DUPLICATE_METHOD_MATCH = YES;
				COPY_PHASE_STRIP = NO;
				DEBUG_INFORMATION_FORMAT = "dwarf-with-dsym";
				ENABLE_NS_ASSERTIONS = NO;
				ENABLE_STRICT_OBJC_MSGSEND = YES;
				GCC_C_LANGUAGE_STANDARD = gnu11;
				GCC_NO_COMMON_BLOCKS = YES;
				GCC_WARN_64_TO_32_BIT_CONVERSION = YES;
				GCC_WARN_ABOUT_RETURN_TYPE = YES_ERROR;
				GCC_WARN_UNDECLARED_SELECTOR = YES;
				GCC_WARN_UNINITIALIZED_AUTOS = YES_AGGRESSIVE;
				GCC_WARN_UNUSED_FUNCTION = YES;
				GCC_WARN_UNUSED_VARIABLE = YES;
				IPHONEOS_DEPLOYMENT_TARGET = 14.5;
				MTL_ENABLE_DEBUG_INFO = NO;
				MTL_FAST_MATH = YES;
				SDKROOT = iphoneos;
				SWIFT_COMPILATION_MODE = wholemodule;
				SWIFT_OPTIMIZATION_LEVEL = "-O";
				VALIDATE_PRODUCT = YES;
			};
			name = Release;
		};
		3D9601A3267C37BF0018A5D3 /* Debug */ = {
			isa = XCBuildConfiguration;
			buildSettings = {
				ASSETCATALOG_COMPILER_APPICON_NAME = AppIcon;
				ASSETCATALOG_COMPILER_GLOBAL_ACCENT_COLOR_NAME = AccentColor;
				CODE_SIGN_STYLE = Automatic;
				DEVELOPMENT_ASSET_PATHS = "\"Beachbody/Preview Content\"";
				ENABLE_PREVIEWS = YES;
				INFOPLIST_FILE = Beachbody/Info.plist;
				IPHONEOS_DEPLOYMENT_TARGET = 14.0;
				LD_RUNPATH_SEARCH_PATHS = (
					"$(inherited)",
					"@executable_path/Frameworks",
				);
				PRODUCT_BUNDLE_IDENTIFIER = Homework.Beachbody;
				PRODUCT_NAME = "$(TARGET_NAME)";
				SWIFT_VERSION = 5.0;
				TARGETED_DEVICE_FAMILY = "1,2";
			};
			name = Debug;
		};
		3D9601A4267C37BF0018A5D3 /* Release */ = {
			isa = XCBuildConfiguration;
			buildSettings = {
				ASSETCATALOG_COMPILER_APPICON_NAME = AppIcon;
				ASSETCATALOG_COMPILER_GLOBAL_ACCENT_COLOR_NAME = AccentColor;
				CODE_SIGN_STYLE = Automatic;
				DEVELOPMENT_ASSET_PATHS = "\"Beachbody/Preview Content\"";
				ENABLE_PREVIEWS = YES;
				INFOPLIST_FILE = Beachbody/Info.plist;
				IPHONEOS_DEPLOYMENT_TARGET = 14.0;
				LD_RUNPATH_SEARCH_PATHS = (
					"$(inherited)",
					"@executable_path/Frameworks",
				);
				PRODUCT_BUNDLE_IDENTIFIER = Homework.Beachbody;
				PRODUCT_NAME = "$(TARGET_NAME)";
				SWIFT_VERSION = 5.0;
				TARGETED_DEVICE_FAMILY = "1,2";
			};
			name = Release;
		};
		3D9601A6267C37BF0018A5D3 /* Debug */ = {
			isa = XCBuildConfiguration;
			buildSettings = {
				ALWAYS_EMBED_SWIFT_STANDARD_LIBRARIES = YES;
				BUNDLE_LOADER = "$(TEST_HOST)";
				CODE_SIGN_STYLE = Automatic;
				INFOPLIST_FILE = BeachbodyTests/Info.plist;
				IPHONEOS_DEPLOYMENT_TARGET = 14.0;
				LD_RUNPATH_SEARCH_PATHS = (
					"$(inherited)",
					"@executable_path/Frameworks",
					"@loader_path/Frameworks",
				);
				PRODUCT_BUNDLE_IDENTIFIER = Homework.BeachbodyTests;
				PRODUCT_NAME = "$(TARGET_NAME)";
				SWIFT_VERSION = 5.0;
				TARGETED_DEVICE_FAMILY = "1,2";
				TEST_HOST = "$(BUILT_PRODUCTS_DIR)/Beachbody.app/Beachbody";
			};
			name = Debug;
		};
		3D9601A7267C37BF0018A5D3 /* Release */ = {
			isa = XCBuildConfiguration;
			buildSettings = {
				ALWAYS_EMBED_SWIFT_STANDARD_LIBRARIES = YES;
				BUNDLE_LOADER = "$(TEST_HOST)";
				CODE_SIGN_STYLE = Automatic;
				INFOPLIST_FILE = BeachbodyTests/Info.plist;
				IPHONEOS_DEPLOYMENT_TARGET = 14.0;
				LD_RUNPATH_SEARCH_PATHS = (
					"$(inherited)",
					"@executable_path/Frameworks",
					"@loader_path/Frameworks",
				);
				PRODUCT_BUNDLE_IDENTIFIER = Homework.BeachbodyTests;
				PRODUCT_NAME = "$(TARGET_NAME)";
				SWIFT_VERSION = 5.0;
				TARGETED_DEVICE_FAMILY = "1,2";
				TEST_HOST = "$(BUILT_PRODUCTS_DIR)/Beachbody.app/Beachbody";
			};
			name = Release;
		};
		3D9601A9267C37BF0018A5D3 /* Debug */ = {
			isa = XCBuildConfiguration;
			buildSettings = {
				ALWAYS_EMBED_SWIFT_STANDARD_LIBRARIES = YES;
				CODE_SIGN_STYLE = Automatic;
				INFOPLIST_FILE = BeachbodyUITests/Info.plist;
				LD_RUNPATH_SEARCH_PATHS = (
					"$(inherited)",
					"@executable_path/Frameworks",
					"@loader_path/Frameworks",
				);
				PRODUCT_BUNDLE_IDENTIFIER = Homework.BeachbodyUITests;
				PRODUCT_NAME = "$(TARGET_NAME)";
				SWIFT_VERSION = 5.0;
				TARGETED_DEVICE_FAMILY = "1,2";
				TEST_TARGET_NAME = Beachbody;
			};
			name = Debug;
		};
		3D9601AA267C37BF0018A5D3 /* Release */ = {
			isa = XCBuildConfiguration;
			buildSettings = {
				ALWAYS_EMBED_SWIFT_STANDARD_LIBRARIES = YES;
				CODE_SIGN_STYLE = Automatic;
				INFOPLIST_FILE = BeachbodyUITests/Info.plist;
				LD_RUNPATH_SEARCH_PATHS = (
					"$(inherited)",
					"@executable_path/Frameworks",
					"@loader_path/Frameworks",
				);
				PRODUCT_BUNDLE_IDENTIFIER = Homework.BeachbodyUITests;
				PRODUCT_NAME = "$(TARGET_NAME)";
				SWIFT_VERSION = 5.0;
				TARGETED_DEVICE_FAMILY = "1,2";
				TEST_TARGET_NAME = Beachbody;
			};
			name = Release;
		};
/* End XCBuildConfiguration section */

/* Begin XCConfigurationList section */
		3D960178267C37BE0018A5D3 /* Build configuration list for PBXProject "Beachbody" */ = {
			isa = XCConfigurationList;
			buildConfigurations = (
				3D9601A0267C37BF0018A5D3 /* Debug */,
				3D9601A1267C37BF0018A5D3 /* Release */,
			);
			defaultConfigurationIsVisible = 0;
			defaultConfigurationName = Release;
		};
		3D9601A2267C37BF0018A5D3 /* Build configuration list for PBXNativeTarget "Beachbody" */ = {
			isa = XCConfigurationList;
			buildConfigurations = (
				3D9601A3267C37BF0018A5D3 /* Debug */,
				3D9601A4267C37BF0018A5D3 /* Release */,
			);
			defaultConfigurationIsVisible = 0;
			defaultConfigurationName = Release;
		};
		3D9601A5267C37BF0018A5D3 /* Build configuration list for PBXNativeTarget "BeachbodyTests" */ = {
			isa = XCConfigurationList;
			buildConfigurations = (
				3D9601A6267C37BF0018A5D3 /* Debug */,
				3D9601A7267C37BF0018A5D3 /* Release */,
			);
			defaultConfigurationIsVisible = 0;
			defaultConfigurationName = Release;
		};
		3D9601A8267C37BF0018A5D3 /* Build configuration list for PBXNativeTarget "BeachbodyUITests" */ = {
			isa = XCConfigurationList;
			buildConfigurations = (
				3D9601A9267C37BF0018A5D3 /* Debug */,
				3D9601AA267C37BF0018A5D3 /* Release */,
			);
			defaultConfigurationIsVisible = 0;
			defaultConfigurationName = Release;
		};
/* End XCConfigurationList section */

/* Begin XCRemoteSwiftPackageReference section */
		3D9601CB267CE97E0018A5D3 /* XCRemoteSwiftPackageReference "SDWebImageSwiftUI" */ = {
			isa = XCRemoteSwiftPackageReference;
			repositoryURL = "https://github.com/SDWebImage/SDWebImageSwiftUI";
			requirement = {
				kind = upToNextMajorVersion;
				minimumVersion = 2.0.2;
			};
		};
/* End XCRemoteSwiftPackageReference section */

/* Begin XCSwiftPackageProductDependency section */
		3D9601CC267CE97E0018A5D3 /* SDWebImageSwiftUI */ = {
			isa = XCSwiftPackageProductDependency;
			package = 3D9601CB267CE97E0018A5D3 /* XCRemoteSwiftPackageReference "SDWebImageSwiftUI" */;
			productName = SDWebImageSwiftUI;
		};
/* End XCSwiftPackageProductDependency section */
	};
	rootObject = 3D960175267C37BE0018A5D3 /* Project object */;
}
